
Microsoft Visual Studio Solution File, Format Version 11.00
# Visual Studio 2010
Project("{FAE04EC0-301F-11D3-BF4B-00C04F79EFBC}") = "RADescripcion", "RADescripcion\RADescripcion.csproj", "{89AE208C-311E-4D85-8765-0B72398A1C91}"
EndProject
Global
	GlobalSection(SolutionConfigurationPlatforms) = preSolution
		Debug|x86 = Debug|x86
		Release|x86 = Release|x86
	EndGlobalSection
	GlobalSection(ProjectConfigurationPlatforms) = postSolution
		{89AE208C-311E-4D85-8765-0B72398A1C91}.Debug|x86.ActiveCfg = Debug|x86
		{89AE208C-311E-4D85-8765-0B72398A1C91}.Debug|x86.Build.0 = Debug|x86
		{89AE208C-311E-4D85-8765-0B72398A1C91}.Release|x86.ActiveCfg = Release|x86
		{89AE208C-311E-4D85-8765-0B72398A1C91}.Release|x86.Build.0 = Release|x86
	EndGlobalSection
	GlobalSection(MonoDevelopProperties) = preSolution
		StartupItem = RADescripcion\RADescripcion.csproj
	EndGlobalSection
EndGlobal
